
Microsoft Visual Studio Solution File, Format Version 12.00
# Visual Studio Version 17
VisualStudioVersion = 17.4.33205.214
MinimumVisualStudioVersion = 10.0.40219.1
Project("{FAE04EC0-301F-11D3-BF4B-00C04F79EFBC}") = "ChatGptImageGenerator", "ChatGptImageGenerator\ChatGptImageGenerator.csproj", "{8A2C1D8B-0D4C-43B1-AF52-1482F60EB5C7}"
EndProject
Global
	GlobalSection(SolutionConfigurationPlatforms) = preSolution
		Debug|Any CPU = Debug|Any CPU
		Release|Any CPU = Release|Any CPU
	EndGlobalSection
	GlobalSection(ProjectConfigurationPlatforms) = postSolution
		{8A2C1D8B-0D4C-43B1-AF52-1482F60EB5C7}.Debug|Any CPU.ActiveCfg = Debug|Any CPU
		{8A2C1D8B-0D4C-43B1-AF52-1482F60EB5C7}.Debug|Any CPU.Build.0 = Debug|Any CPU
		{8A2C1D8B-0D4C-43B1-AF52-1482F60EB5C7}.Release|Any CPU.ActiveCfg = Release|Any CPU
		{8A2C1D8B-0D4C-43B1-AF52-1482F60EB5C7}.Release|Any CPU.Build.0 = Release|Any CPU
	EndGlobalSection
	GlobalSection(SolutionProperties) = preSolution
		HideSolutionNode = FALSE
	EndGlobalSection
	GlobalSection(ExtensibilityGlobals) = postSolution
		SolutionGuid = {09687A46-651B-48EB-862A-B15BF60B7EA2}
	EndGlobalSection
EndGlobal
